// !$*UTF8*$!
{
	archiveVersion = 1;
	classes = {
	};
	objectVersion = 77;
	objects = {

/* Begin PBXContainerItemProxy section */
		1832BC222CFA6D70002DEE72 /* PBXContainerItemProxy */ = {
			isa = PBXContainerItemProxy;
			containerPortal = 1832BC092CFA6D6F002DEE72 /* Project object */;
			proxyType = 1;
			remoteGlobalIDString = 1832BC102CFA6D6F002DEE72;
			remoteInfo = "ios-app-tutorial";
		};
		1832BC2C2CFA6D70002DEE72 /* PBXContainerItemProxy */ = {
			isa = PBXContainerItemProxy;
			containerPortal = 1832BC092CFA6D6F002DEE72 /* Project object */;
			proxyType = 1;
			remoteGlobalIDString = 1832BC102CFA6D6F002DEE72;
			remoteInfo = "ios-app-tutorial";
		};
/* End PBXContainerItemProxy section */

/* Begin PBXFileReference section */
		1832BC112CFA6D6F002DEE72 /* ios-app-tutorial.app */ = {isa = PBXFileReference; explicitFileType = wrapper.application; includeInIndex = 0; path = "ios-app-tutorial.app"; sourceTree = BUILT_PRODUCTS_DIR; };
		1832BC212CFA6D70002DEE72 /* ios-app-tutorialTests.xctest */ = {isa = PBXFileReference; explicitFileType = wrapper.cfbundle; includeInIndex = 0; path = "ios-app-tutorialTests.xctest"; sourceTree = BUILT_PRODUCTS_DIR; };
		1832BC2B2CFA6D70002DEE72 /* ios-app-tutorialUITests.xctest */ = {isa = PBXFileReference; explicitFileType = wrapper.cfbundle; includeInIndex = 0; path = "ios-app-tutorialUITests.xctest"; sourceTree = BUILT_PRODUCTS_DIR; };
/* End PBXFileReference section */

/* Begin PBXFileSystemSynchronizedRootGroup section */
		1832BC132CFA6D6F002DEE72 /* ios-app-tutorial */ = {
			isa = PBXFileSystemSynchronizedRootGroup;
			path = "ios-app-tutorial";
			sourceTree = "<group>";
		};
		1832BC242CFA6D70002DEE72 /* ios-app-tutorialTests */ = {
			isa = PBXFileSystemSynchronizedRootGroup;
			path = "ios-app-tutorialTests";
			sourceTree = "<group>";
		};
		1832BC2E2CFA6D70002DEE72 /* ios-app-tutorialUITests */ = {
			isa = PBXFileSystemSynchronizedRootGroup;
			path = "ios-app-tutorialUITests";
			sourceTree = "<group>";
		};
/* End PBXFileSystemSynchronizedRootGroup section */

/* Begin PBXFrameworksBuildPhase section */
		1832BC0E2CFA6D6F002DEE72 /* Frameworks */ = {
			isa = PBXFrameworksBuildPhase;
			buildActionMask = 2147483647;
			files = (
			);
			runOnlyForDeploymentPostprocessing = 0;
		};
		1832BC1E2CFA6D70002DEE72 /* Frameworks */ = {
			isa = PBXFrameworksBuildPhase;
			buildActionMask = 2147483647;
			files = (
			);
			runOnlyForDeploymentPostprocessing = 0;
		};
		1832BC282CFA6D70002DEE72 /* Frameworks */ = {
			isa = PBXFrameworksBuildPhase;
			buildActionMask = 2147483647;
			files = (
			);
			runOnlyForDeploymentPostprocessing = 0;
		};
/* End PBXFrameworksBuildPhase section */

/* Begin PBXGroup section */
		1832BC082CFA6D6F002DEE72 = {
			isa = PBXGroup;
			children = (
				1832BC132CFA6D6F002DEE72 /* ios-app-tutorial */,
				1832BC242CFA6D70002DEE72 /* ios-app-tutorialTests */,
				1832BC2E2CFA6D70002DEE72 /* ios-app-tutorialUITests */,
				1832BC122CFA6D6F002DEE72 /* Products */,
			);
			sourceTree = "<group>";
		};
		1832BC122CFA6D6F002DEE72 /* Products */ = {
			isa = PBXGroup;
			children = (
				1832BC112CFA6D6F002DEE72 /* ios-app-tutorial.app */,
				1832BC212CFA6D70002DEE72 /* ios-app-tutorialTests.xctest */,
				1832BC2B2CFA6D70002DEE72 /* ios-app-tutorialUITests.xctest */,
			);
			name = Products;
			sourceTree = "<group>";
		};
/* End PBXGroup section */

/* Begin PBXNativeTarget section */
		1832BC102CFA6D6F002DEE72 /* ios-app-tutorial */ = {
			isa = PBXNativeTarget;
			buildConfigurationList = 1832BC352CFA6D70002DEE72 /* Build configuration list for PBXNativeTarget "ios-app-tutorial" */;
			buildPhases = (
				1832BC0D2CFA6D6F002DEE72 /* Sources */,
				1832BC0E2CFA6D6F002DEE72 /* Frameworks */,
				1832BC0F2CFA6D6F002DEE72 /* Resources */,
			);
			buildRules = (
			);
			dependencies = (
			);
			fileSystemSynchronizedGroups = (
				1832BC132CFA6D6F002DEE72 /* ios-app-tutorial */,
			);
			name = "ios-app-tutorial";
			packageProductDependencies = (
			);
			productName = "ios-app-tutorial";
			productReference = 1832BC112CFA6D6F002DEE72 /* ios-app-tutorial.app */;
			productType = "com.apple.product-type.application";
		};
		1832BC202CFA6D70002DEE72 /* ios-app-tutorialTests */ = {
			isa = PBXNativeTarget;
			buildConfigurationList = 1832BC382CFA6D70002DEE72 /* Build configuration list for PBXNativeTarget "ios-app-tutorialTests" */;
			buildPhases = (
				1832BC1D2CFA6D70002DEE72 /* Sources */,
				1832BC1E2CFA6D70002DEE72 /* Frameworks */,
				1832BC1F2CFA6D70002DEE72 /* Resources */,
			);
			buildRules = (
			);
			dependencies = (
				1832BC232CFA6D70002DEE72 /* PBXTargetDependency */,
			);
			fileSystemSynchronizedGroups = (
				1832BC242CFA6D70002DEE72 /* ios-app-tutorialTests */,
			);
			name = "ios-app-tutorialTests";
			packageProductDependencies = (
			);
			productName = "ios-app-tutorialTests";
			productReference = 1832BC212CFA6D70002DEE72 /* ios-app-tutorialTests.xctest */;
			productType = "com.apple.product-type.bundle.unit-test";
		};
		1832BC2A2CFA6D70002DEE72 /* ios-app-tutorialUITests */ = {
			isa = PBXNativeTarget;
			buildConfigurationList = 1832BC3B2CFA6D70002DEE72 /* Build configuration list for PBXNativeTarget "ios-app-tutorialUITests" */;
			buildPhases = (
				1832BC272CFA6D70002DEE72 /* Sources */,
				1832BC282CFA6D70002DEE72 /* Frameworks */,
				1832BC292CFA6D70002DEE72 /* Resources */,
			);
			buildRules = (
			);
			dependencies = (
				1832BC2D2CFA6D70002DEE72 /* PBXTargetDependency */,
			);
			fileSystemSynchronizedGroups = (
				1832BC2E2CFA6D70002DEE72 /* ios-app-tutorialUITests */,
			);
			name = "ios-app-tutorialUITests";
			packageProductDependencies = (
			);
			productName = "ios-app-tutorialUITests";
			productReference = 1832BC2B2CFA6D70002DEE72 /* ios-app-tutorialUITests.xctest */;
			productType = "com.apple.product-type.bundle.ui-testing";
		};
/* End PBXNativeTarget section */

/* Begin PBXProject section */
		1832BC092CFA6D6F002DEE72 /* Project object */ = {
			isa = PBXProject;
			attributes = {
				BuildIndependentTargetsInParallel = 1;
				LastSwiftUpdateCheck = 1610;
				LastUpgradeCheck = 1610;
				TargetAttributes = {
					1832BC102CFA6D6F002DEE72 = {
						CreatedOnToolsVersion = 16.1;
					};
					1832BC202CFA6D70002DEE72 = {
						CreatedOnToolsVersion = 16.1;
						TestTargetID = 1832BC102CFA6D6F002DEE72;
					};
					1832BC2A2CFA6D70002DEE72 = {
						CreatedOnToolsVersion = 16.1;
						TestTargetID = 1832BC102CFA6D6F002DEE72;
					};
				};
			};
			buildConfigurationList = 1832BC0C2CFA6D6F002DEE72 /* Build configuration list for PBXProject "ios-app-tutorial" */;
			developmentRegion = en;
			hasScannedForEncodings = 0;
			knownRegions = (
				en,
				Base,
			);
			mainGroup = 1832BC082CFA6D6F002DEE72;
			minimizedProjectReferenceProxies = 1;
			preferredProjectObjectVersion = 77;
			productRefGroup = 1832BC122CFA6D6F002DEE72 /* Products */;
			projectDirPath = "";
			projectRoot = "";
			targets = (
				1832BC102CFA6D6F002DEE72 /* ios-app-tutorial */,
				1832BC202CFA6D70002DEE72 /* ios-app-tutorialTests */,
				1832BC2A2CFA6D70002DEE72 /* ios-app-tutorialUITests */,
			);
		};
/* End PBXProject section */

/* Begin PBXResourcesBuildPhase section */
		1832BC0F2CFA6D6F002DEE72 /* Resources */ = {
			isa = PBXResourcesBuildPhase;
			buildActionMask = 2147483647;
			files = (
			);
			runOnlyForDeploymentPostprocessing = 0;
		};
		1832BC1F2CFA6D70002DEE72 /* Resources */ = {
			isa = PBXResourcesBuildPhase;
			buildActionMask = 2147483647;
			files = (
			);
			runOnlyForDeploymentPostprocessing = 0;
		};
		1832BC292CFA6D70002DEE72 /* Resources */ = {
			isa = PBXResourcesBuildPhase;
			buildActionMask = 2147483647;
			files = (
			);
			runOnlyForDeploymentPostprocessing = 0;
		};
/* End PBXResourcesBuildPhase section */

/* Begin PBXSourcesBuildPhase section */
		1832BC0D2CFA6D6F002DEE72 /* Sources */ = {
			isa = PBXSourcesBuildPhase;
			buildActionMask = 2147483647;
			files = (
			);
			runOnlyForDeploymentPostprocessing = 0;
		};
		1832BC1D2CFA6D70002DEE72 /* Sources */ = {
			isa = PBXSourcesBuildPhase;
			buildActionMask = 2147483647;
			files = (
			);
			runOnlyForDeploymentPostprocessing = 0;
		};
		1832BC272CFA6D70002DEE72 /* Sources */ = {
			isa = PBXSourcesBuildPhase;
			buildActionMask = 2147483647;
			files = (
			);
			runOnlyForDeploymentPostprocessing = 0;
		};
/* End PBXSourcesBuildPhase section */

/* Begin PBXTargetDependency section */
		1832BC232CFA6D70002DEE72 /* PBXTargetDependency */ = {
			isa = PBXTargetDependency;
			target = 1832BC102CFA6D6F002DEE72 /* ios-app-tutorial */;
			targetProxy = 1832BC222CFA6D70002DEE72 /* PBXContainerItemProxy */;
		};
		1832BC2D2CFA6D70002DEE72 /* PBXTargetDependency */ = {
			isa = PBXTargetDependency;
			target = 1832BC102CFA6D6F002DEE72 /* ios-app-tutorial */;
			targetProxy = 1832BC2C2CFA6D70002DEE72 /* PBXContainerItemProxy */;
		};
/* End PBXTargetDependency section */

/* Begin XCBuildConfiguration section */
		1832BC332CFA6D70002DEE72 /* Debug */ = {
			isa = XCBuildConfiguration;
			buildSettings = {
				ALWAYS_SEARCH_USER_PATHS = NO;
				ASSETCATALOG_COMPILER_GENERATE_SWIFT_ASSET_SYMBOL_EXTENSIONS = YES;
				CLANG_ANALYZER_NONNULL = YES;
				CLANG_ANALYZER_NUMBER_OBJECT_CONVERSION = YES_AGGRESSIVE;
				CLANG_CXX_LANGUAGE_STANDARD = "gnu++20";
				CLANG_ENABLE_MODULES = YES;
				CLANG_ENABLE_OBJC_ARC = YES;
				CLANG_ENABLE_OBJC_WEAK = YES;
				CLANG_WARN_BLOCK_CAPTURE_AUTORELEASING = YES;
				CLANG_WARN_BOOL_CONVERSION = YES;
				CLANG_WARN_COMMA = YES;
				CLANG_WARN_CONSTANT_CONVERSION = YES;
				CLANG_WARN_DEPRECATED_OBJC_IMPLEMENTATIONS = YES;
				CLANG_WARN_DIRECT_OBJC_ISA_USAGE = YES_ERROR;
				CLANG_WARN_DOCUMENTATION_COMMENTS = YES;
				CLANG_WARN_EMPTY_BODY = YES;
				CLANG_WARN_ENUM_CONVERSION = YES;
				CLANG_WARN_INFINITE_RECURSION = YES;
				CLANG_WARN_INT_CONVERSION = YES;
				CLANG_WARN_NON_LITERAL_NULL_CONVERSION = YES;
				CLANG_WARN_OBJC_IMPLICIT_RETAIN_SELF = YES;
				CLANG_WARN_OBJC_LITERAL_CONVERSION = YES;
				CLANG_WARN_OBJC_ROOT_CLASS = YES_ERROR;
				CLANG_WARN_QUOTED_INCLUDE_IN_FRAMEWORK_HEADER = YES;
				CLANG_WARN_RANGE_LOOP_ANALYSIS = YES;
				CLANG_WARN_STRICT_PROTOTYPES = YES;
				CLANG_WARN_SUSPICIOUS_MOVE = YES;
				CLANG_WARN_UNGUARDED_AVAILABILITY = YES_AGGRESSIVE;
				CLANG_WARN_UNREACHABLE_CODE = YES;
				CLANG_WARN__DUPLICATE_METHOD_MATCH = YES;
				COPY_PHASE_STRIP = NO;
				DEBUG_INFORMATION_FORMAT = dwarf;
				ENABLE_STRICT_OBJC_MSGSEND = YES;
				ENABLE_TESTABILITY = YES;
				ENABLE_USER_SCRIPT_SANDBOXING = YES;
				GCC_C_LANGUAGE_STANDARD = gnu17;
				GCC_DYNAMIC_NO_PIC = NO;
				GCC_NO_COMMON_BLOCKS = YES;
				GCC_OPTIMIZATION_LEVEL = 0;
				GCC_PREPROCESSOR_DEFINITIONS = (
					"DEBUG=1",
					"$(inherited)",
				);
				GCC_WARN_64_TO_32_BIT_CONVERSION = YES;
				GCC_WARN_ABOUT_RETURN_TYPE = YES_ERROR;
				GCC_WARN_UNDECLARED_SELECTOR = YES;
				GCC_WARN_UNINITIALIZED_AUTOS = YES_AGGRESSIVE;
				GCC_WARN_UNUSED_FUNCTION = YES;
				GCC_WARN_UNUSED_VARIABLE = YES;
				IPHONEOS_DEPLOYMENT_TARGET = 18.1;
				LOCALIZATION_PREFERS_STRING_CATALOGS = YES;
				MTL_ENABLE_DEBUG_INFO = INCLUDE_SOURCE;
				MTL_FAST_MATH = YES;
				ONLY_ACTIVE_ARCH = YES;
				SDKROOT = iphoneos;
				SWIFT_ACTIVE_COMPILATION_CONDITIONS = "DEBUG $(inherited)";
				SWIFT_OPTIMIZATION_LEVEL = "-Onone";
			};
			name = Debug;
		};
		1832BC342CFA6D70002DEE72 /* Release */ = {
			isa = XCBuildConfiguration;
			buildSettings = {
				ALWAYS_SEARCH_USER_PATHS = NO;
				ASSETCATALOG_COMPILER_GENERATE_SWIFT_ASSET_SYMBOL_EXTENSIONS = YES;
				CLANG_ANALYZER_NONNULL = YES;
				CLANG_ANALYZER_NUMBER_OBJECT_CONVERSION = YES_AGGRESSIVE;
				CLANG_CXX_LANGUAGE_STANDARD = "gnu++20";
				CLANG_ENABLE_MODULES = YES;
				CLANG_ENABLE_OBJC_ARC = YES;
				CLANG_ENABLE_OBJC_WEAK = YES;
				CLANG_WARN_BLOCK_CAPTURE_AUTORELEASING = YES;
				CLANG_WARN_BOOL_CONVERSION = YES;
				CLANG_WARN_COMMA = YES;
				CLANG_WARN_CONSTANT_CONVERSION = YES;
				CLANG_WARN_DEPRECATED_OBJC_IMPLEMENTATIONS = YES;
				CLANG_WARN_DIRECT_OBJC_ISA_USAGE = YES_ERROR;
				CLANG_WARN_DOCUMENTATION_COMMENTS = YES;
				CLANG_WARN_EMPTY_BODY = YES;
				CLANG_WARN_ENUM_CONVERSION = YES;
				CLANG_WARN_INFINITE_RECURSION = YES;
				CLANG_WARN_INT_CONVERSION = YES;
				CLANG_WARN_NON_LITERAL_NULL_CONVERSION = YES;
				CLANG_WARN_OBJC_IMPLICIT_RETAIN_SELF = YES;
				CLANG_WARN_OBJC_LITERAL_CONVERSION = YES;
				CLANG_WARN_OBJC_ROOT_CLASS = YES_ERROR;
				CLANG_WARN_QUOTED_INCLUDE_IN_FRAMEWORK_HEADER = YES;
				CLANG_WARN_RANGE_LOOP_ANALYSIS = YES;
				CLANG_WARN_STRICT_PROTOTYPES = YES;
				CLANG_WARN_SUSPICIOUS_MOVE = YES;
				CLANG_WARN_UNGUARDED_AVAILABILITY = YES_AGGRESSIVE;
				CLANG_WARN_UNREACHABLE_CODE = YES;
				CLANG_WARN__DUPLICATE_METHOD_MATCH = YES;
				COPY_PHASE_STRIP = NO;
				DEBUG_INFORMATION_FORMAT = "dwarf-with-dsym";
				ENABLE_NS_ASSERTIONS = NO;
				ENABLE_STRICT_OBJC_MSGSEND = YES;
				ENABLE_USER_SCRIPT_SANDBOXING = YES;
				GCC_C_LANGUAGE_STANDARD = gnu17;
				GCC_NO_COMMON_BLOCKS = YES;
				GCC_WARN_64_TO_32_BIT_CONVERSION = YES;
				GCC_WARN_ABOUT_RETURN_TYPE = YES_ERROR;
				GCC_WARN_UNDECLARED_SELECTOR = YES;
				GCC_WARN_UNINITIALIZED_AUTOS = YES_AGGRESSIVE;
				GCC_WARN_UNUSED_FUNCTION = YES;
				GCC_WARN_UNUSED_VARIABLE = YES;
				IPHONEOS_DEPLOYMENT_TARGET = 18.1;
				LOCALIZATION_PREFERS_STRING_CATALOGS = YES;
				MTL_ENABLE_DEBUG_INFO = NO;
				MTL_FAST_MATH = YES;
				SDKROOT = iphoneos;
				SWIFT_COMPILATION_MODE = wholemodule;
				VALIDATE_PRODUCT = YES;
			};
			name = Release;
		};
		1832BC362CFA6D70002DEE72 /* Debug */ = {
			isa = XCBuildConfiguration;
			buildSettings = {
				ASSETCATALOG_COMPILER_APPICON_NAME = AppIcon;
				ASSETCATALOG_COMPILER_GLOBAL_ACCENT_COLOR_NAME = AccentColor;
				CODE_SIGN_STYLE = Automatic;
				CURRENT_PROJECT_VERSION = 1;
				DEVELOPMENT_ASSET_PATHS = "\"ios-app-tutorial/Preview Content\"";
				ENABLE_PREVIEWS = YES;
				GENERATE_INFOPLIST_FILE = YES;
				INFOPLIST_KEY_UIApplicationSceneManifest_Generation = YES;
				INFOPLIST_KEY_UIApplicationSupportsIndirectInputEvents = YES;
				INFOPLIST_KEY_UILaunchScreen_Generation = YES;
				INFOPLIST_KEY_UISupportedInterfaceOrientations_iPad = "UIInterfaceOrientationPortrait UIInterfaceOrientationPortraitUpsideDown UIInterfaceOrientationLandscapeLeft UIInterfaceOrientationLandscapeRight";
				INFOPLIST_KEY_UISupportedInterfaceOrientations_iPhone = "UIInterfaceOrientationPortrait UIInterfaceOrientationLandscapeLeft UIInterfaceOrientationLandscapeRight";
				LD_RUNPATH_SEARCH_PATHS = (
					"$(inherited)",
					"@executable_path/Frameworks",
				);
				MARKETING_VERSION = 1.0;
				PRODUCT_BUNDLE_IDENTIFIER = "com.tutorial.ios-app-tutorial";
				PRODUCT_NAME = "$(TARGET_NAME)";
				SWIFT_EMIT_LOC_STRINGS = YES;
				SWIFT_VERSION = 5.0;
				TARGETED_DEVICE_FAMILY = "1,2";
			};
			name = Debug;
		};
		1832BC372CFA6D70002DEE72 /* Release */ = {
			isa = XCBuildConfiguration;
			buildSettings = {
				ASSETCATALOG_COMPILER_APPICON_NAME = AppIcon;
				ASSETCATALOG_COMPILER_GLOBAL_ACCENT_COLOR_NAME = AccentColor;
				CODE_SIGN_STYLE = Automatic;
				CURRENT_PROJECT_VERSION = 1;
				DEVELOPMENT_ASSET_PATHS = "\"ios-app-tutorial/Preview Content\"";
				ENABLE_PREVIEWS = YES;
				GENERATE_INFOPLIST_FILE = YES;
				INFOPLIST_KEY_UIApplicationSceneManifest_Generation = YES;
				INFOPLIST_KEY_UIApplicationSupportsIndirectInputEvents = YES;
				INFOPLIST_KEY_UILaunchScreen_Generation = YES;
				INFOPLIST_KEY_UISupportedInterfaceOrientations_iPad = "UIInterfaceOrientationPortrait UIInterfaceOrientationPortraitUpsideDown UIInterfaceOrientationLandscapeLeft UIInterfaceOrientationLandscapeRight";
				INFOPLIST_KEY_UISupportedInterfaceOrientations_iPhone = "UIInterfaceOrientationPortrait UIInterfaceOrientationLandscapeLeft UIInterfaceOrientationLandscapeRight";
				LD_RUNPATH_SEARCH_PATHS = (
					"$(inherited)",
					"@executable_path/Frameworks",
				);
				MARKETING_VERSION = 1.0;
				PRODUCT_BUNDLE_IDENTIFIER = "com.tutorial.ios-app-tutorial";
				PRODUCT_NAME = "$(TARGET_NAME)";
				SWIFT_EMIT_LOC_STRINGS = YES;
				SWIFT_VERSION = 5.0;
				TARGETED_DEVICE_FAMILY = "1,2";
			};
			name = Release;
		};
		1832BC392CFA6D70002DEE72 /* Debug */ = {
			isa = XCBuildConfiguration;
			buildSettings = {
				BUNDLE_LOADER = "$(TEST_HOST)";
				CODE_SIGN_STYLE = Automatic;
				CURRENT_PROJECT_VERSION = 1;
				GENERATE_INFOPLIST_FILE = YES;
				IPHONEOS_DEPLOYMENT_TARGET = 18.1;
				MARKETING_VERSION = 1.0;
				PRODUCT_BUNDLE_IDENTIFIER = "com.tutorial.ios-app-tutorialTests";
				PRODUCT_NAME = "$(TARGET_NAME)";
				SWIFT_EMIT_LOC_STRINGS = NO;
				SWIFT_VERSION = 5.0;
				TARGETED_DEVICE_FAMILY = "1,2";
				TEST_HOST = "$(BUILT_PRODUCTS_DIR)/ios-app-tutorial.app/$(BUNDLE_EXECUTABLE_FOLDER_PATH)/ios-app-tutorial";
			};
			name = Debug;
		};
		1832BC3A2CFA6D70002DEE72 /* Release */ = {
			isa = XCBuildConfiguration;
			buildSettings = {
				BUNDLE_LOADER = "$(TEST_HOST)";
				CODE_SIGN_STYLE = Automatic;
				CURRENT_PROJECT_VERSION = 1;
				GENERATE_INFOPLIST_FILE = YES;
				IPHONEOS_DEPLOYMENT_TARGET = 18.1;
				MARKETING_VERSION = 1.0;
				PRODUCT_BUNDLE_IDENTIFIER = "com.tutorial.ios-app-tutorialTests";
				PRODUCT_NAME = "$(TARGET_NAME)";
				SWIFT_EMIT_LOC_STRINGS = NO;
				SWIFT_VERSION = 5.0;
				TARGETED_DEVICE_FAMILY = "1,2";
				TEST_HOST = "$(BUILT_PRODUCTS_DIR)/ios-app-tutorial.app/$(BUNDLE_EXECUTABLE_FOLDER_PATH)/ios-app-tutorial";
			};
			name = Release;
		};
		1832BC3C2CFA6D70002DEE72 /* Debug */ = {
			isa = XCBuildConfiguration;
			buildSettings = {
				CODE_SIGN_STYLE = Automatic;
				CURRENT_PROJECT_VERSION = 1;
				GENERATE_INFOPLIST_FILE = YES;
				MARKETING_VERSION = 1.0;
				PRODUCT_BUNDLE_IDENTIFIER = "com.tutorial.ios-app-tutorialUITests";
				PRODUCT_NAME = "$(TARGET_NAME)";
				SWIFT_EMIT_LOC_STRINGS = NO;
				SWIFT_VERSION = 5.0;
				TARGETED_DEVICE_FAMILY = "1,2";
				TEST_TARGET_NAME = "ios-app-tutorial";
			};
			name = Debug;
		};
		1832BC3D2CFA6D70002DEE72 /* Release */ = {
			isa = XCBuildConfiguration;
			buildSettings = {
				CODE_SIGN_STYLE = Automatic;
				CURRENT_PROJECT_VERSION = 1;
				GENERATE_INFOPLIST_FILE = YES;
				MARKETING_VERSION = 1.0;
				PRODUCT_BUNDLE_IDENTIFIER = "com.tutorial.ios-app-tutorialUITests";
				PRODUCT_NAME = "$(TARGET_NAME)";
				SWIFT_EMIT_LOC_STRINGS = NO;
				SWIFT_VERSION = 5.0;
				TARGETED_DEVICE_FAMILY = "1,2";
				TEST_TARGET_NAME = "ios-app-tutorial";
			};
			name = Release;
		};
/* End XCBuildConfiguration section */

/* Begin XCConfigurationList section */
		1832BC0C2CFA6D6F002DEE72 /* Build configuration list for PBXProject "ios-app-tutorial" */ = {
			isa = XCConfigurationList;
			buildConfigurations = (
				1832BC332CFA6D70002DEE72 /* Debug */,
				1832BC342CFA6D70002DEE72 /* Release */,
			);
			defaultConfigurationIsVisible = 0;
			defaultConfigurationName = Release;
		};
		1832BC352CFA6D70002DEE72 /* Build configuration list for PBXNativeTarget "ios-app-tutorial" */ = {
			isa = XCConfigurationList;
			buildConfigurations = (
				1832BC362CFA6D70002DEE72 /* Debug */,
				1832BC372CFA6D70002DEE72 /* Release */,
			);
			defaultConfigurationIsVisible = 0;
			defaultConfigurationName = Release;
		};
		1832BC382CFA6D70002DEE72 /* Build configuration list for PBXNativeTarget "ios-app-tutorialTests" */ = {
			isa = XCConfigurationList;
			buildConfigurations = (
				1832BC392CFA6D70002DEE72 /* Debug */,
				1832BC3A2CFA6D70002DEE72 /* Release */,
			);
			defaultConfigurationIsVisible = 0;
			defaultConfigurationName = Release;
		};
		1832BC3B2CFA6D70002DEE72 /* Build configuration list for PBXNativeTarget "ios-app-tutorialUITests" */ = {
			isa = XCConfigurationList;
			buildConfigurations = (
				1832BC3C2CFA6D70002DEE72 /* Debug */,
				1832BC3D2CFA6D70002DEE72 /* Release */,
			);
			defaultConfigurationIsVisible = 0;
			defaultConfigurationName = Release;
		};
/* End XCConfigurationList section */
	};
	rootObject = 1832BC092CFA6D6F002DEE72 /* Project object */;
}
